
Microsoft Visual Studio Solution File, Format Version 12.00
# Visual Studio Version 16
VisualStudioVersion = 16.0.30803.129
MinimumVisualStudioVersion = 10.0.40219.1
Project("{FAE04EC0-301F-11D3-BF4B-00C04F79EFBC}") = "FileRateLimiter", "FileRateLimiter.csproj", "{C4676303-744B-46E4-9AA0-4B9383112FEC}"
EndProject
Project("{FAE04EC0-301F-11D3-BF4B-00C04F79EFBC}") = "TestBinaryReader", "..\TestBinaryReader\TestBinaryReader.csproj", "{FB25328D-6812-4F8B-8FE9-21839B0343B9}"
EndProject
Global
	GlobalSection(SolutionConfigurationPlatforms) = preSolution
		Debug|Any CPU = Debug|Any CPU
		Release|Any CPU = Release|Any CPU
	EndGlobalSection
	GlobalSection(ProjectConfigurationPlatforms) = postSolution
		{C4676303-744B-46E4-9AA0-4B9383112FEC}.Debug|Any CPU.ActiveCfg = Debug|Any CPU
		{C4676303-744B-46E4-9AA0-4B9383112FEC}.Debug|Any CPU.Build.0 = Debug|Any CPU
		{C4676303-744B-46E4-9AA0-4B9383112FEC}.Release|Any CPU.ActiveCfg = Release|Any CPU
		{C4676303-744B-46E4-9AA0-4B9383112FEC}.Release|Any CPU.Build.0 = Release|Any CPU
		{FB25328D-6812-4F8B-8FE9-21839B0343B9}.Debug|Any CPU.ActiveCfg = Debug|Any CPU
		{FB25328D-6812-4F8B-8FE9-21839B0343B9}.Debug|Any CPU.Build.0 = Debug|Any CPU
		{FB25328D-6812-4F8B-8FE9-21839B0343B9}.Release|Any CPU.ActiveCfg = Release|Any CPU
		{FB25328D-6812-4F8B-8FE9-21839B0343B9}.Release|Any CPU.Build.0 = Release|Any CPU
	EndGlobalSection
	GlobalSection(SolutionProperties) = preSolution
		HideSolutionNode = FALSE
	EndGlobalSection
	GlobalSection(ExtensibilityGlobals) = postSolution
		SolutionGuid = {3941B4AC-EC8F-4D40-A132-7334A89D254D}
	EndGlobalSection
EndGlobal
